PODS:
  - CocoaLumberjack/Core (3.5.3)
  - CocoaLumberjack/Swift (3.5.3):
    - CocoaLumberjack/Core
  - SwiftLint (0.42.0)

DEPENDENCIES:
  - CocoaLumberjack/Swift (= 3.5.3)
  - SwiftLint

SPEC REPOS:
  trunk:
    - CocoaLumberjack
    - SwiftLint

SPEC CHECKSUMS:
  CocoaLumberjack: 2f44e60eb91c176d471fdba43b9e3eae6a721947
  SwiftLint: 4fa9579c63416865179bc416f0a92d55f009600d

PODFILE CHECKSUM: e531db5262666721cd2a94ccb3066197e50b44ea

COCOAPODS: 1.10.1
